
Microsoft Visual Studio Solution File, Format Version 12.00
# Visual Studio 15
VisualStudioVersion = 15.0.26124.0
MinimumVisualStudioVersion = 15.0.26124.0
Project("{FAE04EC0-301F-11D3-BF4B-00C04F79EFBC}") = "DotnetGraphQL.API", "DotnetGraphQL.API\DotnetGraphQL.API.csproj", "{47AE9F8F-2366-4060-B538-E5E6C94210D3}"
EndProject
Project("{FAE04EC0-301F-11D3-BF4B-00C04F79EFBC}") = "DotnetGraphQL.Data", "DotnetGraphQL.Data\DotnetGraphQL.Data.csproj", "{E22564DA-709D-4401-8402-1DF35EFDFA5F}"
EndProject
Project("{FAE04EC0-301F-11D3-BF4B-00C04F79EFBC}") = "DotnetGraphQL.Core", "DotnetGraphQL.Core\DotnetGraphQL.Core.csproj", "{F7FC93A8-4044-4CFD-9B42-16733913EB9F}"
EndProject
Global
	GlobalSection(SolutionConfigurationPlatforms) = preSolution
		Debug|Any CPU = Debug|Any CPU
		Debug|x64 = Debug|x64
		Debug|x86 = Debug|x86
		Release|Any CPU = Release|Any CPU
		Release|x64 = Release|x64
		Release|x86 = Release|x86
	EndGlobalSection
	GlobalSection(SolutionProperties) = preSolution
		HideSolutionNode = FALSE
	EndGlobalSection
	GlobalSection(ProjectConfigurationPlatforms) = postSolution
		{47AE9F8F-2366-4060-B538-E5E6C94210D3}.Debug|Any CPU.ActiveCfg = Debug|Any CPU
		{47AE9F8F-2366-4060-B538-E5E6C94210D3}.Debug|Any CPU.Build.0 = Debug|Any CPU
		{47AE9F8F-2366-4060-B538-E5E6C94210D3}.Debug|x64.ActiveCfg = Debug|Any CPU
		{47AE9F8F-2366-4060-B538-E5E6C94210D3}.Debug|x64.Build.0 = Debug|Any CPU
		{47AE9F8F-2366-4060-B538-E5E6C94210D3}.Debug|x86.ActiveCfg = Debug|Any CPU
		{47AE9F8F-2366-4060-B538-E5E6C94210D3}.Debug|x86.Build.0 = Debug|Any CPU
		{47AE9F8F-2366-4060-B538-E5E6C94210D3}.Release|Any CPU.ActiveCfg = Release|Any CPU
		{47AE9F8F-2366-4060-B538-E5E6C94210D3}.Release|Any CPU.Build.0 = Release|Any CPU
		{47AE9F8F-2366-4060-B538-E5E6C94210D3}.Release|x64.ActiveCfg = Release|Any CPU
		{47AE9F8F-2366-4060-B538-E5E6C94210D3}.Release|x64.Build.0 = Release|Any CPU
		{47AE9F8F-2366-4060-B538-E5E6C94210D3}.Release|x86.ActiveCfg = Release|Any CPU
		{47AE9F8F-2366-4060-B538-E5E6C94210D3}.Release|x86.Build.0 = Release|Any CPU
		{0FBCB1E7-F47C-469E-87B4-7E8F7612EAE5}.Debug|Any CPU.ActiveCfg = Debug|Any CPU
		{0FBCB1E7-F47C-469E-87B4-7E8F7612EAE5}.Debug|Any CPU.Build.0 = Debug|Any CPU
		{0FBCB1E7-F47C-469E-87B4-7E8F7612EAE5}.Debug|x64.ActiveCfg = Debug|Any CPU
		{0FBCB1E7-F47C-469E-87B4-7E8F7612EAE5}.Debug|x64.Build.0 = Debug|Any CPU
		{0FBCB1E7-F47C-469E-87B4-7E8F7612EAE5}.Debug|x86.ActiveCfg = Debug|Any CPU
		{0FBCB1E7-F47C-469E-87B4-7E8F7612EAE5}.Debug|x86.Build.0 = Debug|Any CPU
		{0FBCB1E7-F47C-469E-87B4-7E8F7612EAE5}.Release|Any CPU.ActiveCfg = Release|Any CPU
		{0FBCB1E7-F47C-469E-87B4-7E8F7612EAE5}.Release|Any CPU.Build.0 = Release|Any CPU
		{0FBCB1E7-F47C-469E-87B4-7E8F7612EAE5}.Release|x64.ActiveCfg = Release|Any CPU
		{0FBCB1E7-F47C-469E-87B4-7E8F7612EAE5}.Release|x64.Build.0 = Release|Any CPU
		{0FBCB1E7-F47C-469E-87B4-7E8F7612EAE5}.Release|x86.ActiveCfg = Release|Any CPU
		{0FBCB1E7-F47C-469E-87B4-7E8F7612EAE5}.Release|x86.Build.0 = Release|Any CPU
		{E22564DA-709D-4401-8402-1DF35EFDFA5F}.Debug|Any CPU.ActiveCfg = Debug|Any CPU
		{E22564DA-709D-4401-8402-1DF35EFDFA5F}.Debug|Any CPU.Build.0 = Debug|Any CPU
		{E22564DA-709D-4401-8402-1DF35EFDFA5F}.Debug|x64.ActiveCfg = Debug|Any CPU
		{E22564DA-709D-4401-8402-1DF35EFDFA5F}.Debug|x64.Build.0 = Debug|Any CPU
		{E22564DA-709D-4401-8402-1DF35EFDFA5F}.Debug|x86.ActiveCfg = Debug|Any CPU
		{E22564DA-709D-4401-8402-1DF35EFDFA5F}.Debug|x86.Build.0 = Debug|Any CPU
		{E22564DA-709D-4401-8402-1DF35EFDFA5F}.Release|Any CPU.ActiveCfg = Release|Any CPU
		{E22564DA-709D-4401-8402-1DF35EFDFA5F}.Release|Any CPU.Build.0 = Release|Any CPU
		{E22564DA-709D-4401-8402-1DF35EFDFA5F}.Release|x64.ActiveCfg = Release|Any CPU
		{E22564DA-709D-4401-8402-1DF35EFDFA5F}.Release|x64.Build.0 = Release|Any CPU
		{E22564DA-709D-4401-8402-1DF35EFDFA5F}.Release|x86.ActiveCfg = Release|Any CPU
		{E22564DA-709D-4401-8402-1DF35EFDFA5F}.Release|x86.Build.0 = Release|Any CPU
		{F7FC93A8-4044-4CFD-9B42-16733913EB9F}.Debug|Any CPU.ActiveCfg = Debug|Any CPU
		{F7FC93A8-4044-4CFD-9B42-16733913EB9F}.Debug|Any CPU.Build.0 = Debug|Any CPU
		{F7FC93A8-4044-4CFD-9B42-16733913EB9F}.Debug|x64.ActiveCfg = Debug|Any CPU
		{F7FC93A8-4044-4CFD-9B42-16733913EB9F}.Debug|x64.Build.0 = Debug|Any CPU
		{F7FC93A8-4044-4CFD-9B42-16733913EB9F}.Debug|x86.ActiveCfg = Debug|Any CPU
		{F7FC93A8-4044-4CFD-9B42-16733913EB9F}.Debug|x86.Build.0 = Debug|Any CPU
		{F7FC93A8-4044-4CFD-9B42-16733913EB9F}.Release|Any CPU.ActiveCfg = Release|Any CPU
		{F7FC93A8-4044-4CFD-9B42-16733913EB9F}.Release|Any CPU.Build.0 = Release|Any CPU
		{F7FC93A8-4044-4CFD-9B42-16733913EB9F}.Release|x64.ActiveCfg = Release|Any CPU
		{F7FC93A8-4044-4CFD-9B42-16733913EB9F}.Release|x64.Build.0 = Release|Any CPU
		{F7FC93A8-4044-4CFD-9B42-16733913EB9F}.Release|x86.ActiveCfg = Release|Any CPU
		{F7FC93A8-4044-4CFD-9B42-16733913EB9F}.Release|x86.Build.0 = Release|Any CPU
	EndGlobalSection
EndGlobal
